
Microsoft Visual Studio Solution File, Format Version 12.00
# Visual Studio Version 17
VisualStudioVersion = 17.0.31903.59
MinimumVisualStudioVersion = 10.0.40219.1
Project("{2150E333-8FDC-42A3-9474-1A3956D46DE8}") = "src", "src", "{BC58B975-F61D-4855-B926-D84BF6AADBF9}"
EndProject
Project("{FAE04EC0-301F-11D3-BF4B-00C04F79EFBC}") = "API", "src\API\API.csproj", "{5B951015-1176-494D-B1E9-AAF07737A905}"
EndProject
Project("{FAE04EC0-301F-11D3-BF4B-00C04F79EFBC}") = "Service", "src\Service\Service.csproj", "{9401FE4A-80D0-4E65-AB6D-A9345EEB94D6}"
EndProject
Global
	GlobalSection(SolutionConfigurationPlatforms) = preSolution
		Debug|Any CPU = Debug|Any CPU
		Release|Any CPU = Release|Any CPU
	EndGlobalSection
	GlobalSection(SolutionProperties) = preSolution
		HideSolutionNode = FALSE
	EndGlobalSection
	GlobalSection(ProjectConfigurationPlatforms) = postSolution
		{5B951015-1176-494D-B1E9-AAF07737A905}.Debug|Any CPU.ActiveCfg = Debug|Any CPU
		{5B951015-1176-494D-B1E9-AAF07737A905}.Debug|Any CPU.Build.0 = Debug|Any CPU
		{5B951015-1176-494D-B1E9-AAF07737A905}.Release|Any CPU.ActiveCfg = Release|Any CPU
		{5B951015-1176-494D-B1E9-AAF07737A905}.Release|Any CPU.Build.0 = Release|Any CPU
		{9401FE4A-80D0-4E65-AB6D-A9345EEB94D6}.Debug|Any CPU.ActiveCfg = Debug|Any CPU
		{9401FE4A-80D0-4E65-AB6D-A9345EEB94D6}.Debug|Any CPU.Build.0 = Debug|Any CPU
		{9401FE4A-80D0-4E65-AB6D-A9345EEB94D6}.Release|Any CPU.ActiveCfg = Release|Any CPU
		{9401FE4A-80D0-4E65-AB6D-A9345EEB94D6}.Release|Any CPU.Build.0 = Release|Any CPU
	EndGlobalSection
	GlobalSection(NestedProjects) = preSolution
		{5B951015-1176-494D-B1E9-AAF07737A905} = {BC58B975-F61D-4855-B926-D84BF6AADBF9}
		{9401FE4A-80D0-4E65-AB6D-A9345EEB94D6} = {BC58B975-F61D-4855-B926-D84BF6AADBF9}
	EndGlobalSection
EndGlobal
