
Microsoft Visual Studio Solution File, Format Version 12.00
# Visual Studio Version 17
VisualStudioVersion = 17.0.31903.59
MinimumVisualStudioVersion = 10.0.40219.1
Project("{2150E333-8FDC-42A3-9474-1A3956D46DE8}") = "src", "src", "{BC58B975-F61D-4855-B926-D84BF6AADBF9}"
EndProject
Project("{9A19103F-16F7-4668-BE54-9A1E7A4F7556}") = "API", "src\API\API.csproj", "{5B951015-1176-494D-B1E9-AAF07737A905}"
EndProject
Project("{9A19103F-16F7-4668-BE54-9A1E7A4F7556}") = "Application", "src\Service\Application.csproj", "{9401FE4A-80D0-4E65-AB6D-A9345EEB94D6}"
EndProject
Project("{9A19103F-16F7-4668-BE54-9A1E7A4F7556}") = "Infrastructure", "src\Infrastructure\Infrastructure.csproj", "{2E6AFDB4-581F-45D8-AC67-666F3697C7DF}"
EndProject
Project("{2150E333-8FDC-42A3-9474-1A3956D46DE8}") = "Solution Items", "Solution Items", "{8F0D6DC7-7650-4A4C-B27B-708EB5D750A0}"
	ProjectSection(SolutionItems) = preProject
		README.md = README.md
	EndProjectSection
EndProject
Global
	GlobalSection(SolutionConfigurationPlatforms) = preSolution
		Debug|Any CPU = Debug|Any CPU
		Release|Any CPU = Release|Any CPU
	EndGlobalSection
	GlobalSection(ProjectConfigurationPlatforms) = postSolution
		{5B951015-1176-494D-B1E9-AAF07737A905}.Debug|Any CPU.ActiveCfg = Debug|Any CPU
		{5B951015-1176-494D-B1E9-AAF07737A905}.Debug|Any CPU.Build.0 = Debug|Any CPU
		{5B951015-1176-494D-B1E9-AAF07737A905}.Release|Any CPU.ActiveCfg = Release|Any CPU
		{5B951015-1176-494D-B1E9-AAF07737A905}.Release|Any CPU.Build.0 = Release|Any CPU
		{9401FE4A-80D0-4E65-AB6D-A9345EEB94D6}.Debug|Any CPU.ActiveCfg = Debug|Any CPU
		{9401FE4A-80D0-4E65-AB6D-A9345EEB94D6}.Debug|Any CPU.Build.0 = Debug|Any CPU
		{9401FE4A-80D0-4E65-AB6D-A9345EEB94D6}.Release|Any CPU.ActiveCfg = Release|Any CPU
		{9401FE4A-80D0-4E65-AB6D-A9345EEB94D6}.Release|Any CPU.Build.0 = Release|Any CPU
		{2E6AFDB4-581F-45D8-AC67-666F3697C7DF}.Debug|Any CPU.ActiveCfg = Debug|Any CPU
		{2E6AFDB4-581F-45D8-AC67-666F3697C7DF}.Debug|Any CPU.Build.0 = Debug|Any CPU
		{2E6AFDB4-581F-45D8-AC67-666F3697C7DF}.Release|Any CPU.ActiveCfg = Release|Any CPU
		{2E6AFDB4-581F-45D8-AC67-666F3697C7DF}.Release|Any CPU.Build.0 = Release|Any CPU
	EndGlobalSection
	GlobalSection(SolutionProperties) = preSolution
		HideSolutionNode = FALSE
	EndGlobalSection
	GlobalSection(NestedProjects) = preSolution
		{5B951015-1176-494D-B1E9-AAF07737A905} = {BC58B975-F61D-4855-B926-D84BF6AADBF9}
		{9401FE4A-80D0-4E65-AB6D-A9345EEB94D6} = {BC58B975-F61D-4855-B926-D84BF6AADBF9}
		{2E6AFDB4-581F-45D8-AC67-666F3697C7DF} = {BC58B975-F61D-4855-B926-D84BF6AADBF9}
	EndGlobalSection
	GlobalSection(ExtensibilityGlobals) = postSolution
		SolutionGuid = {0480E2BA-A942-47F3-8611-8C8EA4C80E4C}
	EndGlobalSection
EndGlobal
